
Microsoft Visual Studio Solution File, Format Version 12.00
# Visual Studio Version 17
VisualStudioVersion = 17.14.36221.1
MinimumVisualStudioVersion = 10.0.40219.1
Project("{8BC9CEB8-8B4A-11D0-8D11-00A0C91BC942}") = "01.画一个三角形", "01.画一个三角形\01.画一个三角形.vcxproj", "{A68F63D3-D1E7-4065-8DB1-C6F9411F9BA9}"
EndProject
Project("{8BC9CEB8-8B4A-11D0-8D11-00A0C91BC942}") = "02.纹理的使用", "02.纹理的使用\02.纹理的使用.vcxproj", "{30BFDEE3-0F29-4D52-8C47-B0FFC1EB4C00}"
EndProject
Project("{8BC9CEB8-8B4A-11D0-8D11-00A0C91BC942}") = "03.矩阵变换的使用", "03.矩阵变换的使用\03.矩阵变换的使用.vcxproj", "{3CFEAC35-D243-464A-952C-2308BF7C3DB8}"
EndProject
Project("{8BC9CEB8-8B4A-11D0-8D11-00A0C91BC942}") = "04.封装成类使用", "04.封装成类使用\04.封装成类使用.vcxproj", "{E68A2B2B-D021-45BE-BF70-62078F8C93D9}"
EndProject
Project("{8BC9CEB8-8B4A-11D0-8D11-00A0C91BC942}") = "05.光照和材质", "05.光照和材质\05.光照和材质.vcxproj", "{822E5243-FAA0-4430-924F-04FEED2F4F49}"
EndProject
Project("{8BC9CEB8-8B4A-11D0-8D11-00A0C91BC942}") = "06.光照贴图和聚光灯", "06.光照贴图和聚光灯\06.光照贴图和聚光灯.vcxproj", "{8198A805-56BD-4155-96C6-98DB90D63C43}"
EndProject
Project("{8BC9CEB8-8B4A-11D0-8D11-00A0C91BC942}") = "07.模型的使用", "07.模型的使用\07.模型的使用.vcxproj", "{9FA064EA-61C3-44E8-9FDE-04336D8E84FB}"
EndProject
Project("{8BC9CEB8-8B4A-11D0-8D11-00A0C91BC942}") = "08.模版测试", "08.模版测试\08.模版测试.vcxproj", "{D4563135-DD74-4099-9B7B-2484884FC915}"
EndProject
Project("{8BC9CEB8-8B4A-11D0-8D11-00A0C91BC942}") = "09.alpha混合", "09.alpha混合\09.alpha混合.vcxproj", "{FD10F78D-E956-480D-9D24-C6480D1C87D7}"
EndProject
Project("{8BC9CEB8-8B4A-11D0-8D11-00A0C91BC942}") = "10.帧缓冲", "10.帧缓冲\10.帧缓冲.vcxproj", "{E72711EB-A99F-4309-A499-4A2A8500C0AC}"
EndProject
Project("{8BC9CEB8-8B4A-11D0-8D11-00A0C91BC942}") = "11.天空盒", "11.天空盒\11.天空盒.vcxproj", "{A0465BBB-955F-4447-80C8-0804FF387477}"
EndProject
Project("{8BC9CEB8-8B4A-11D0-8D11-00A0C91BC942}") = "12.环境映射", "12.环境映射\12.环境映射.vcxproj", "{6368E2E0-3EBB-454D-80B1-A77AE37081B7}"
EndProject
Project("{8BC9CEB8-8B4A-11D0-8D11-00A0C91BC942}") = "13.1几何着色器_爆炸效果", "13.1几何着色器_爆炸效果\13.1几何着色器_爆炸效果.vcxproj", "{571C961F-B4E2-42D5-BFE2-569A9CDF7564}"
EndProject
Project("{8BC9CEB8-8B4A-11D0-8D11-00A0C91BC942}") = "13.2几何着色器_法向量可视化", "13.2几何着色器_法向量可视化\13.2几何着色器_法向量可视化.vcxproj", "{8DC17ED3-C0FF-403F-8A9A-5A412CC820E2}"
EndProject
Project("{8BC9CEB8-8B4A-11D0-8D11-00A0C91BC942}") = "14.离屏MSAA", "14.离屏MSAA\14.离屏MSAA.vcxproj", "{0DE8B28F-14FF-4FDF-99AC-E60B3D0C38AC}"
EndProject
Project("{8BC9CEB8-8B4A-11D0-8D11-00A0C91BC942}") = "15.阴影映射", "15.阴影映射\15.阴影映射.vcxproj", "{5880A8A7-CA67-40E9-9733-AC0430C83AFC}"
EndProject
Project("{8BC9CEB8-8B4A-11D0-8D11-00A0C91BC942}") = "16.点光源阴影", "16.点光源阴影\16.点光源阴影.vcxproj", "{BE34330E-7A6A-4D16-8BCC-CC68A26DBC27}"
EndProject
Project("{8BC9CEB8-8B4A-11D0-8D11-00A0C91BC942}") = "17.法线贴图", "17.法线贴图\17.法线贴图.vcxproj", "{12D586BB-3DF4-4825-8238-3E3C0FFB052D}"
EndProject
Project("{8BC9CEB8-8B4A-11D0-8D11-00A0C91BC942}") = "18.视差贴图", "18.视差贴图\18.视差贴图.vcxproj", "{67146C0E-23F5-4752-86BE-655BE896C600}"
EndProject
Project("{8BC9CEB8-8B4A-11D0-8D11-00A0C91BC942}") = "19.HDR", "19.HDR\19.HDR.vcxproj", "{67121C0E-23F5-4752-86BE-655BE896C600}"
EndProject
Project("{8BC9CEB8-8B4A-11D0-8D11-00A0C91BC942}") = "20.泛光", "20.泛光\20.泛光.vcxproj", "{67121C0E-23F5-4752-86BE-611BE896C600}"
EndProject
Project("{8BC9CEB8-8B4A-11D0-8D11-00A0C91BC942}") = "21.PBR", "21.PBR\21.PBR.vcxproj", "{67145C0E-23F5-4752-86BE-611BE896C600}"
EndProject
Project("{8BC9CEB8-8B4A-11D0-8D11-00A0C91BC942}") = "22.延迟渲染", "22.延迟渲染\22.延迟渲染.vcxproj", "{67145C0E-41F5-4752-86BE-611BE896C600}"
EndProject
Global
	GlobalSection(SolutionConfigurationPlatforms) = preSolution
		Debug|x64 = Debug|x64
		Debug|x86 = Debug|x86
		Release|x64 = Release|x64
		Release|x86 = Release|x86
	EndGlobalSection
	GlobalSection(ProjectConfigurationPlatforms) = postSolution
		{A68F63D3-D1E7-4065-8DB1-C6F9411F9BA9}.Debug|x64.ActiveCfg = Debug|x64
		{A68F63D3-D1E7-4065-8DB1-C6F9411F9BA9}.Debug|x64.Build.0 = Debug|x64
		{A68F63D3-D1E7-4065-8DB1-C6F9411F9BA9}.Debug|x86.ActiveCfg = Debug|Win32
		{A68F63D3-D1E7-4065-8DB1-C6F9411F9BA9}.Debug|x86.Build.0 = Debug|Win32
		{A68F63D3-D1E7-4065-8DB1-C6F9411F9BA9}.Release|x64.ActiveCfg = Release|x64
		{A68F63D3-D1E7-4065-8DB1-C6F9411F9BA9}.Release|x64.Build.0 = Release|x64
		{A68F63D3-D1E7-4065-8DB1-C6F9411F9BA9}.Release|x86.ActiveCfg = Release|Win32
		{A68F63D3-D1E7-4065-8DB1-C6F9411F9BA9}.Release|x86.Build.0 = Release|Win32
		{30BFDEE3-0F29-4D52-8C47-B0FFC1EB4C00}.Debug|x64.ActiveCfg = Debug|x64
		{30BFDEE3-0F29-4D52-8C47-B0FFC1EB4C00}.Debug|x64.Build.0 = Debug|x64
		{30BFDEE3-0F29-4D52-8C47-B0FFC1EB4C00}.Debug|x86.ActiveCfg = Debug|Win32
		{30BFDEE3-0F29-4D52-8C47-B0FFC1EB4C00}.Debug|x86.Build.0 = Debug|Win32
		{30BFDEE3-0F29-4D52-8C47-B0FFC1EB4C00}.Release|x64.ActiveCfg = Release|x64
		{30BFDEE3-0F29-4D52-8C47-B0FFC1EB4C00}.Release|x64.Build.0 = Release|x64
		{30BFDEE3-0F29-4D52-8C47-B0FFC1EB4C00}.Release|x86.ActiveCfg = Release|Win32
		{30BFDEE3-0F29-4D52-8C47-B0FFC1EB4C00}.Release|x86.Build.0 = Release|Win32
		{3CFEAC35-D243-464A-952C-2308BF7C3DB8}.Debug|x64.ActiveCfg = Debug|x64
		{3CFEAC35-D243-464A-952C-2308BF7C3DB8}.Debug|x64.Build.0 = Debug|x64
		{3CFEAC35-D243-464A-952C-2308BF7C3DB8}.Debug|x86.ActiveCfg = Debug|Win32
		{3CFEAC35-D243-464A-952C-2308BF7C3DB8}.Debug|x86.Build.0 = Debug|Win32
		{3CFEAC35-D243-464A-952C-2308BF7C3DB8}.Release|x64.ActiveCfg = Release|x64
		{3CFEAC35-D243-464A-952C-2308BF7C3DB8}.Release|x64.Build.0 = Release|x64
		{3CFEAC35-D243-464A-952C-2308BF7C3DB8}.Release|x86.ActiveCfg = Release|Win32
		{3CFEAC35-D243-464A-952C-2308BF7C3DB8}.Release|x86.Build.0 = Release|Win32
		{E68A2B2B-D021-45BE-BF70-62078F8C93D9}.Debug|x64.ActiveCfg = Debug|x64
		{E68A2B2B-D021-45BE-BF70-62078F8C93D9}.Debug|x64.Build.0 = Debug|x64
		{E68A2B2B-D021-45BE-BF70-62078F8C93D9}.Debug|x86.ActiveCfg = Debug|Win32
		{E68A2B2B-D021-45BE-BF70-62078F8C93D9}.Debug|x86.Build.0 = Debug|Win32
		{E68A2B2B-D021-45BE-BF70-62078F8C93D9}.Release|x64.ActiveCfg = Release|x64
		{E68A2B2B-D021-45BE-BF70-62078F8C93D9}.Release|x64.Build.0 = Release|x64
		{E68A2B2B-D021-45BE-BF70-62078F8C93D9}.Release|x86.ActiveCfg = Release|Win32
		{E68A2B2B-D021-45BE-BF70-62078F8C93D9}.Release|x86.Build.0 = Release|Win32
		{822E5243-FAA0-4430-924F-04FEED2F4F49}.Debug|x64.ActiveCfg = Debug|x64
		{822E5243-FAA0-4430-924F-04FEED2F4F49}.Debug|x64.Build.0 = Debug|x64
		{822E5243-FAA0-4430-924F-04FEED2F4F49}.Debug|x86.ActiveCfg = Debug|Win32
		{822E5243-FAA0-4430-924F-04FEED2F4F49}.Debug|x86.Build.0 = Debug|Win32
		{822E5243-FAA0-4430-924F-04FEED2F4F49}.Release|x64.ActiveCfg = Release|x64
		{822E5243-FAA0-4430-924F-04FEED2F4F49}.Release|x64.Build.0 = Release|x64
		{822E5243-FAA0-4430-924F-04FEED2F4F49}.Release|x86.ActiveCfg = Release|Win32
		{822E5243-FAA0-4430-924F-04FEED2F4F49}.Release|x86.Build.0 = Release|Win32
		{8198A805-56BD-4155-96C6-98DB90D63C43}.Debug|x64.ActiveCfg = Debug|x64
		{8198A805-56BD-4155-96C6-98DB90D63C43}.Debug|x64.Build.0 = Debug|x64
		{8198A805-56BD-4155-96C6-98DB90D63C43}.Debug|x86.ActiveCfg = Debug|Win32
		{8198A805-56BD-4155-96C6-98DB90D63C43}.Debug|x86.Build.0 = Debug|Win32
		{8198A805-56BD-4155-96C6-98DB90D63C43}.Release|x64.ActiveCfg = Release|x64
		{8198A805-56BD-4155-96C6-98DB90D63C43}.Release|x64.Build.0 = Release|x64
		{8198A805-56BD-4155-96C6-98DB90D63C43}.Release|x86.ActiveCfg = Release|Win32
		{8198A805-56BD-4155-96C6-98DB90D63C43}.Release|x86.Build.0 = Release|Win32
		{9FA064EA-61C3-44E8-9FDE-04336D8E84FB}.Debug|x64.ActiveCfg = Debug|x64
		{9FA064EA-61C3-44E8-9FDE-04336D8E84FB}.Debug|x64.Build.0 = Debug|x64
		{9FA064EA-61C3-44E8-9FDE-04336D8E84FB}.Debug|x86.ActiveCfg = Debug|Win32
		{9FA064EA-61C3-44E8-9FDE-04336D8E84FB}.Debug|x86.Build.0 = Debug|Win32
		{9FA064EA-61C3-44E8-9FDE-04336D8E84FB}.Release|x64.ActiveCfg = Release|x64
		{9FA064EA-61C3-44E8-9FDE-04336D8E84FB}.Release|x64.Build.0 = Release|x64
		{9FA064EA-61C3-44E8-9FDE-04336D8E84FB}.Release|x86.ActiveCfg = Release|Win32
		{9FA064EA-61C3-44E8-9FDE-04336D8E84FB}.Release|x86.Build.0 = Release|Win32
		{D4563135-DD74-4099-9B7B-2484884FC915}.Debug|x64.ActiveCfg = Debug|x64
		{D4563135-DD74-4099-9B7B-2484884FC915}.Debug|x64.Build.0 = Debug|x64
		{D4563135-DD74-4099-9B7B-2484884FC915}.Debug|x86.ActiveCfg = Debug|Win32
		{D4563135-DD74-4099-9B7B-2484884FC915}.Debug|x86.Build.0 = Debug|Win32
		{D4563135-DD74-4099-9B7B-2484884FC915}.Release|x64.ActiveCfg = Release|x64
		{D4563135-DD74-4099-9B7B-2484884FC915}.Release|x64.Build.0 = Release|x64
		{D4563135-DD74-4099-9B7B-2484884FC915}.Release|x86.ActiveCfg = Release|Win32
		{D4563135-DD74-4099-9B7B-2484884FC915}.Release|x86.Build.0 = Release|Win32
		{FD10F78D-E956-480D-9D24-C6480D1C87D7}.Debug|x64.ActiveCfg = Debug|x64
		{FD10F78D-E956-480D-9D24-C6480D1C87D7}.Debug|x64.Build.0 = Debug|x64
		{FD10F78D-E956-480D-9D24-C6480D1C87D7}.Debug|x86.ActiveCfg = Debug|Win32
		{FD10F78D-E956-480D-9D24-C6480D1C87D7}.Debug|x86.Build.0 = Debug|Win32
		{FD10F78D-E956-480D-9D24-C6480D1C87D7}.Release|x64.ActiveCfg = Release|x64
		{FD10F78D-E956-480D-9D24-C6480D1C87D7}.Release|x64.Build.0 = Release|x64
		{FD10F78D-E956-480D-9D24-C6480D1C87D7}.Release|x86.ActiveCfg = Release|Win32
		{FD10F78D-E956-480D-9D24-C6480D1C87D7}.Release|x86.Build.0 = Release|Win32
		{E72711EB-A99F-4309-A499-4A2A8500C0AC}.Debug|x64.ActiveCfg = Debug|x64
		{E72711EB-A99F-4309-A499-4A2A8500C0AC}.Debug|x64.Build.0 = Debug|x64
		{E72711EB-A99F-4309-A499-4A2A8500C0AC}.Debug|x86.ActiveCfg = Debug|Win32
		{E72711EB-A99F-4309-A499-4A2A8500C0AC}.Debug|x86.Build.0 = Debug|Win32
		{E72711EB-A99F-4309-A499-4A2A8500C0AC}.Release|x64.ActiveCfg = Release|x64
		{E72711EB-A99F-4309-A499-4A2A8500C0AC}.Release|x64.Build.0 = Release|x64
		{E72711EB-A99F-4309-A499-4A2A8500C0AC}.Release|x86.ActiveCfg = Release|Win32
		{E72711EB-A99F-4309-A499-4A2A8500C0AC}.Release|x86.Build.0 = Release|Win32
		{A0465BBB-955F-4447-80C8-0804FF387477}.Debug|x64.ActiveCfg = Debug|x64
		{A0465BBB-955F-4447-80C8-0804FF387477}.Debug|x64.Build.0 = Debug|x64
		{A0465BBB-955F-4447-80C8-0804FF387477}.Debug|x86.ActiveCfg = Debug|Win32
		{A0465BBB-955F-4447-80C8-0804FF387477}.Debug|x86.Build.0 = Debug|Win32
		{A0465BBB-955F-4447-80C8-0804FF387477}.Release|x64.ActiveCfg = Release|x64
		{A0465BBB-955F-4447-80C8-0804FF387477}.Release|x64.Build.0 = Release|x64
		{A0465BBB-955F-4447-80C8-0804FF387477}.Release|x86.ActiveCfg = Release|Win32
		{A0465BBB-955F-4447-80C8-0804FF387477}.Release|x86.Build.0 = Release|Win32
		{6368E2E0-3EBB-454D-80B1-A77AE37081B7}.Debug|x64.ActiveCfg = Debug|x64
		{6368E2E0-3EBB-454D-80B1-A77AE37081B7}.Debug|x64.Build.0 = Debug|x64
		{6368E2E0-3EBB-454D-80B1-A77AE37081B7}.Debug|x86.ActiveCfg = Debug|Win32
		{6368E2E0-3EBB-454D-80B1-A77AE37081B7}.Debug|x86.Build.0 = Debug|Win32
		{6368E2E0-3EBB-454D-80B1-A77AE37081B7}.Release|x64.ActiveCfg = Release|x64
		{6368E2E0-3EBB-454D-80B1-A77AE37081B7}.Release|x64.Build.0 = Release|x64
		{6368E2E0-3EBB-454D-80B1-A77AE37081B7}.Release|x86.ActiveCfg = Release|Win32
		{6368E2E0-3EBB-454D-80B1-A77AE37081B7}.Release|x86.Build.0 = Release|Win32
		{571C961F-B4E2-42D5-BFE2-569A9CDF7564}.Debug|x64.ActiveCfg = Debug|x64
		{571C961F-B4E2-42D5-BFE2-569A9CDF7564}.Debug|x64.Build.0 = Debug|x64
		{571C961F-B4E2-42D5-BFE2-569A9CDF7564}.Debug|x86.ActiveCfg = Debug|Win32
		{571C961F-B4E2-42D5-BFE2-569A9CDF7564}.Debug|x86.Build.0 = Debug|Win32
		{571C961F-B4E2-42D5-BFE2-569A9CDF7564}.Release|x64.ActiveCfg = Release|x64
		{571C961F-B4E2-42D5-BFE2-569A9CDF7564}.Release|x64.Build.0 = Release|x64
		{571C961F-B4E2-42D5-BFE2-569A9CDF7564}.Release|x86.ActiveCfg = Release|Win32
		{571C961F-B4E2-42D5-BFE2-569A9CDF7564}.Release|x86.Build.0 = Release|Win32
		{8DC17ED3-C0FF-403F-8A9A-5A412CC820E2}.Debug|x64.ActiveCfg = Debug|x64
		{8DC17ED3-C0FF-403F-8A9A-5A412CC820E2}.Debug|x64.Build.0 = Debug|x64
		{8DC17ED3-C0FF-403F-8A9A-5A412CC820E2}.Debug|x86.ActiveCfg = Debug|Win32
		{8DC17ED3-C0FF-403F-8A9A-5A412CC820E2}.Debug|x86.Build.0 = Debug|Win32
		{8DC17ED3-C0FF-403F-8A9A-5A412CC820E2}.Release|x64.ActiveCfg = Release|x64
		{8DC17ED3-C0FF-403F-8A9A-5A412CC820E2}.Release|x64.Build.0 = Release|x64
		{8DC17ED3-C0FF-403F-8A9A-5A412CC820E2}.Release|x86.ActiveCfg = Release|Win32
		{8DC17ED3-C0FF-403F-8A9A-5A412CC820E2}.Release|x86.Build.0 = Release|Win32
		{0DE8B28F-14FF-4FDF-99AC-E60B3D0C38AC}.Debug|x64.ActiveCfg = Debug|x64
		{0DE8B28F-14FF-4FDF-99AC-E60B3D0C38AC}.Debug|x64.Build.0 = Debug|x64
		{0DE8B28F-14FF-4FDF-99AC-E60B3D0C38AC}.Debug|x86.ActiveCfg = Debug|Win32
		{0DE8B28F-14FF-4FDF-99AC-E60B3D0C38AC}.Debug|x86.Build.0 = Debug|Win32
		{0DE8B28F-14FF-4FDF-99AC-E60B3D0C38AC}.Release|x64.ActiveCfg = Release|x64
		{0DE8B28F-14FF-4FDF-99AC-E60B3D0C38AC}.Release|x64.Build.0 = Release|x64
		{0DE8B28F-14FF-4FDF-99AC-E60B3D0C38AC}.Release|x86.ActiveCfg = Release|Win32
		{0DE8B28F-14FF-4FDF-99AC-E60B3D0C38AC}.Release|x86.Build.0 = Release|Win32
		{5880A8A7-CA67-40E9-9733-AC0430C83AFC}.Debug|x64.ActiveCfg = Debug|x64
		{5880A8A7-CA67-40E9-9733-AC0430C83AFC}.Debug|x64.Build.0 = Debug|x64
		{5880A8A7-CA67-40E9-9733-AC0430C83AFC}.Debug|x86.ActiveCfg = Debug|Win32
		{5880A8A7-CA67-40E9-9733-AC0430C83AFC}.Debug|x86.Build.0 = Debug|Win32
		{5880A8A7-CA67-40E9-9733-AC0430C83AFC}.Release|x64.ActiveCfg = Release|x64
		{5880A8A7-CA67-40E9-9733-AC0430C83AFC}.Release|x64.Build.0 = Release|x64
		{5880A8A7-CA67-40E9-9733-AC0430C83AFC}.Release|x86.ActiveCfg = Release|Win32
		{5880A8A7-CA67-40E9-9733-AC0430C83AFC}.Release|x86.Build.0 = Release|Win32
		{BE34330E-7A6A-4D16-8BCC-CC68A26DBC27}.Debug|x64.ActiveCfg = Debug|x64
		{BE34330E-7A6A-4D16-8BCC-CC68A26DBC27}.Debug|x64.Build.0 = Debug|x64
		{BE34330E-7A6A-4D16-8BCC-CC68A26DBC27}.Debug|x86.ActiveCfg = Debug|Win32
		{BE34330E-7A6A-4D16-8BCC-CC68A26DBC27}.Debug|x86.Build.0 = Debug|Win32
		{BE34330E-7A6A-4D16-8BCC-CC68A26DBC27}.Release|x64.ActiveCfg = Release|x64
		{BE34330E-7A6A-4D16-8BCC-CC68A26DBC27}.Release|x64.Build.0 = Release|x64
		{BE34330E-7A6A-4D16-8BCC-CC68A26DBC27}.Release|x86.ActiveCfg = Release|Win32
		{BE34330E-7A6A-4D16-8BCC-CC68A26DBC27}.Release|x86.Build.0 = Release|Win32
		{12D586BB-3DF4-4825-8238-3E3C0FFB052D}.Debug|x64.ActiveCfg = Debug|x64
		{12D586BB-3DF4-4825-8238-3E3C0FFB052D}.Debug|x64.Build.0 = Debug|x64
		{12D586BB-3DF4-4825-8238-3E3C0FFB052D}.Debug|x86.ActiveCfg = Debug|Win32
		{12D586BB-3DF4-4825-8238-3E3C0FFB052D}.Debug|x86.Build.0 = Debug|Win32
		{12D586BB-3DF4-4825-8238-3E3C0FFB052D}.Release|x64.ActiveCfg = Release|x64
		{12D586BB-3DF4-4825-8238-3E3C0FFB052D}.Release|x64.Build.0 = Release|x64
		{12D586BB-3DF4-4825-8238-3E3C0FFB052D}.Release|x86.ActiveCfg = Release|Win32
		{12D586BB-3DF4-4825-8238-3E3C0FFB052D}.Release|x86.Build.0 = Release|Win32
		{67146C0E-23F5-4752-86BE-655BE896C600}.Debug|x64.ActiveCfg = Debug|x64
		{67146C0E-23F5-4752-86BE-655BE896C600}.Debug|x64.Build.0 = Debug|x64
		{67146C0E-23F5-4752-86BE-655BE896C600}.Debug|x86.ActiveCfg = Debug|Win32
		{67146C0E-23F5-4752-86BE-655BE896C600}.Debug|x86.Build.0 = Debug|Win32
		{67146C0E-23F5-4752-86BE-655BE896C600}.Release|x64.ActiveCfg = Release|x64
		{67146C0E-23F5-4752-86BE-655BE896C600}.Release|x64.Build.0 = Release|x64
		{67146C0E-23F5-4752-86BE-655BE896C600}.Release|x86.ActiveCfg = Release|Win32
		{67146C0E-23F5-4752-86BE-655BE896C600}.Release|x86.Build.0 = Release|Win32
		{67121C0E-23F5-4752-86BE-655BE896C600}.Debug|x64.ActiveCfg = Debug|x64
		{67121C0E-23F5-4752-86BE-655BE896C600}.Debug|x64.Build.0 = Debug|x64
		{67121C0E-23F5-4752-86BE-655BE896C600}.Debug|x86.ActiveCfg = Debug|Win32
		{67121C0E-23F5-4752-86BE-655BE896C600}.Debug|x86.Build.0 = Debug|Win32
		{67121C0E-23F5-4752-86BE-655BE896C600}.Release|x64.ActiveCfg = Release|x64
		{67121C0E-23F5-4752-86BE-655BE896C600}.Release|x64.Build.0 = Release|x64
		{67121C0E-23F5-4752-86BE-655BE896C600}.Release|x86.ActiveCfg = Release|Win32
		{67121C0E-23F5-4752-86BE-655BE896C600}.Release|x86.Build.0 = Release|Win32
		{67121C0E-23F5-4752-86BE-611BE896C600}.Debug|x64.ActiveCfg = Debug|x64
		{67121C0E-23F5-4752-86BE-611BE896C600}.Debug|x64.Build.0 = Debug|x64
		{67121C0E-23F5-4752-86BE-611BE896C600}.Debug|x86.ActiveCfg = Debug|Win32
		{67121C0E-23F5-4752-86BE-611BE896C600}.Debug|x86.Build.0 = Debug|Win32
		{67121C0E-23F5-4752-86BE-611BE896C600}.Release|x64.ActiveCfg = Release|x64
		{67121C0E-23F5-4752-86BE-611BE896C600}.Release|x64.Build.0 = Release|x64
		{67121C0E-23F5-4752-86BE-611BE896C600}.Release|x86.ActiveCfg = Release|Win32
		{67121C0E-23F5-4752-86BE-611BE896C600}.Release|x86.Build.0 = Release|Win32
		{67145C0E-23F5-4752-86BE-611BE896C600}.Debug|x64.ActiveCfg = Debug|x64
		{67145C0E-23F5-4752-86BE-611BE896C600}.Debug|x64.Build.0 = Debug|x64
		{67145C0E-23F5-4752-86BE-611BE896C600}.Debug|x86.ActiveCfg = Debug|Win32
		{67145C0E-23F5-4752-86BE-611BE896C600}.Debug|x86.Build.0 = Debug|Win32
		{67145C0E-23F5-4752-86BE-611BE896C600}.Release|x64.ActiveCfg = Release|x64
		{67145C0E-23F5-4752-86BE-611BE896C600}.Release|x64.Build.0 = Release|x64
		{67145C0E-23F5-4752-86BE-611BE896C600}.Release|x86.ActiveCfg = Release|Win32
		{67145C0E-23F5-4752-86BE-611BE896C600}.Release|x86.Build.0 = Release|Win32
		{67145C0E-41F5-4752-86BE-611BE896C600}.Debug|x64.ActiveCfg = Debug|x64
		{67145C0E-41F5-4752-86BE-611BE896C600}.Debug|x64.Build.0 = Debug|x64
		{67145C0E-41F5-4752-86BE-611BE896C600}.Debug|x86.ActiveCfg = Debug|Win32
		{67145C0E-41F5-4752-86BE-611BE896C600}.Debug|x86.Build.0 = Debug|Win32
		{67145C0E-41F5-4752-86BE-611BE896C600}.Release|x64.ActiveCfg = Release|x64
		{67145C0E-41F5-4752-86BE-611BE896C600}.Release|x64.Build.0 = Release|x64
		{67145C0E-41F5-4752-86BE-611BE896C600}.Release|x86.ActiveCfg = Release|Win32
		{67145C0E-41F5-4752-86BE-611BE896C600}.Release|x86.Build.0 = Release|Win32
	EndGlobalSection
	GlobalSection(SolutionProperties) = preSolution
		HideSolutionNode = FALSE
	EndGlobalSection
	GlobalSection(ExtensibilityGlobals) = postSolution
		SolutionGuid = {30B2FA0A-5B13-46A6-A7B8-D603CB820500}
	EndGlobalSection
EndGlobal
